{
  "lockfileVersion": 1,
  "configVersion": 1,
  "workspaces": {
    "": {
      "name": "taskflow-cloud",
    },
    "../packages/shared": {
      "name": "@todoist/shared",
      "version": "0.1.0",
      "dependencies": {
        "date-fns": "4.1.0",
      },
      "devDependencies": {
        "typescript": "5.9.3",
      },
    },
    "apps/api": {
      "name": "cloud-api",
      "version": "0.1.0",
      "dependencies": {
        "@todoist/shared": "workspace:*",
      },
    },
    "apps/web": {
      "name": "cloud-web",
      "version": "0.1.0",
      "dependencies": {
        "@todoist/shared": "workspace:*",
      },
    },
    "packages/premium": {
      "name": "@todoist/premium",
      "version": "0.1.0",
      "dependencies": {
        "@todoist/shared": "workspace:*",
      },
    },
  },
  "packages": {
    "@todoist/premium": ["@todoist/premium@workspace:packages/premium"],

    "@todoist/shared": ["@todoist/shared@workspace:../packages/shared"],

    "cloud-api": ["cloud-api@workspace:apps/api"],

    "cloud-web": ["cloud-web@workspace:apps/web"],

    "date-fns": ["date-fns@4.1.0", "", {}, "sha512-Ukq0owbQXxa/U3EGtsdVBkR1w7KOQ5gIBqdH2hkvknzZPYvBxb/aa6E8L7tmjFtkwZBu3UXBbjIgPo/Ez4xaNg=="],

    "typescript": ["typescript@5.9.3", "", { "bin": { "tsc": "bin/tsc", "tsserver": "bin/tsserver" } }, "sha512-jl1vZzPDinLr9eUt3J/t7V6FgNEw9QjvBPdysz9KfQDD41fQrC2Y4vKQdiaUpFT4bXlb1RHhLpp8wtm6M5TgSw=="],
  }
}
